# This file is generated by running "yarn install" inside your project.
# Manual changes might be lost - proceed with caution!

__metadata:
  version: 8
  cacheKey: 10c0

"fileseeder@workspace:.":
  version: 0.0.0-use.local
  resolution: "fileseeder@workspace:."
  dependencies:
    python3: "npm:^0.0.1"
  languageName: unknown
  linkType: soft

"python3@npm:^0.0.1":
  version: 0.0.1
  resolution: "python3@npm:0.0.1"
  checksum: 10c0/8fd7666f25a23dbc526ae0ccdc546b45ac6a17ba6c29041bc605c689ff43af730cbb7b922805ca77fc6b268a62e3d548e112536ebf001b6a7b037ee42574736a
  languageName: node
  linkType: hard
